
Microsoft Visual Studio Solution File, Format Version 12.00
# Visual Studio Version 17
VisualStudioVersion = 17.5.002.0
MinimumVisualStudioVersion = 10.0.40219.1
Project("{9A19103F-16F7-4668-BE54-9A1E7A4F7556}") = "ConsoleBankApp", "ConsoleBankApp.csproj", "{E9CB1C35-6472-4756-AAF1-89DBAB71A63B}"
EndProject
Global
	GlobalSection(SolutionConfigurationPlatforms) = preSolution
		Debug|Any CPU = Debug|Any CPU
		Release|Any CPU = Release|Any CPU
	EndGlobalSection
	GlobalSection(ProjectConfigurationPlatforms) = postSolution
		{E9CB1C35-6472-4756-AAF1-89DBAB71A63B}.Debug|Any CPU.ActiveCfg = Debug|Any CPU
		{E9CB1C35-6472-4756-AAF1-89DBAB71A63B}.Debug|Any CPU.Build.0 = Debug|Any CPU
		{E9CB1C35-6472-4756-AAF1-89DBAB71A63B}.Release|Any CPU.ActiveCfg = Release|Any CPU
		{E9CB1C35-6472-4756-AAF1-89DBAB71A63B}.Release|Any CPU.Build.0 = Release|Any CPU
	EndGlobalSection
	GlobalSection(SolutionProperties) = preSolution
		HideSolutionNode = FALSE
	EndGlobalSection
	GlobalSection(ExtensibilityGlobals) = postSolution
		SolutionGuid = {0A5C56C7-EA41-46ED-A475-255E45917EC8}
	EndGlobalSection
EndGlobal
